
Microsoft Visual Studio Solution File, Format Version 11.00
# Visual Studio 2010
Project("{FAE04EC0-301F-11D3-BF4B-00C04F79EFBC}") = "Assembly-CSharp", "Assembly-CSharp.csproj", "{09c596ae-2ffe-5363-1d90-8e6919ea8846}"
EndProject
Project("{FAE04EC0-301F-11D3-BF4B-00C04F79EFBC}") = "Assembly-CSharp-Editor", "Assembly-CSharp-Editor.csproj", "{883774cb-39ca-cb01-5592-8ef81611e68c}"
EndProject
Global
	GlobalSection(SolutionConfigurationPlatforms) = preSolution
		Debug|Any CPU = Debug|Any CPU
		Release|Any CPU = Release|Any CPU
	EndGlobalSection
	GlobalSection(ProjectConfigurationPlatforms) = postSolution
		{09c596ae-2ffe-5363-1d90-8e6919ea8846}.Debug|Any CPU.ActiveCfg = Debug|Any CPU
		{09c596ae-2ffe-5363-1d90-8e6919ea8846}.Debug|Any CPU.Build.0 = Debug|Any CPU
		{09c596ae-2ffe-5363-1d90-8e6919ea8846}.Release|Any CPU.ActiveCfg = Release|Any CPU
		{09c596ae-2ffe-5363-1d90-8e6919ea8846}.Release|Any CPU.Build.0 = Release|Any CPU
		{883774cb-39ca-cb01-5592-8ef81611e68c}.Debug|Any CPU.ActiveCfg = Debug|Any CPU
		{883774cb-39ca-cb01-5592-8ef81611e68c}.Debug|Any CPU.Build.0 = Debug|Any CPU
		{883774cb-39ca-cb01-5592-8ef81611e68c}.Release|Any CPU.ActiveCfg = Release|Any CPU
		{883774cb-39ca-cb01-5592-8ef81611e68c}.Release|Any CPU.Build.0 = Release|Any CPU
	EndGlobalSection
	GlobalSection(SolutionProperties) = preSolution
		HideSolutionNode = FALSE
	EndGlobalSection
EndGlobal
